{
  "name": "language-proverif",
  "version": "1.8.0",
  "lockfileVersion": 1,
  "requires": true,
  "dependencies": {
    "nan": {
      "version": "2.14.2",
      "resolved": "https://registry.npmjs.org/nan/-/nan-2.14.2.tgz",
      "integrity": "sha512-M2ufzIiINKCuDfBSAUr1vWQ+vuVcA9kqx8JJUsbQi6yf1uGRyb7HfpdfUr5qLXf3B/t8dPvcjhKMmlfnP47EzQ=="
    },
    "tree-sitter-proverif": {
      "version": "1.0.8",
      "resolved": "https://registry.npmjs.org/tree-sitter-proverif/-/tree-sitter-proverif-1.0.8.tgz",
      "integrity": "sha512-Qr4Fo1kFZFS2MYw/YwfFyvVbTfEvkImK8zUXLVVmr8i7J720bHeJ6/ARXtRQHLZJVujZyQbzYVw0rX1NeEpcSg==",
      "requires": {
        "nan": "^2.14.2"
      }
    }
  }
}
