{
  "name": "language-proverif",
  "version": "1.8.1",
  "lockfileVersion": 1,
  "requires": true,
  "dependencies": {
    "nan": {
      "version": "2.14.2",
      "resolved": "https://registry.npmjs.org/nan/-/nan-2.14.2.tgz",
      "integrity": "sha512-M2ufzIiINKCuDfBSAUr1vWQ+vuVcA9kqx8JJUsbQi6yf1uGRyb7HfpdfUr5qLXf3B/t8dPvcjhKMmlfnP47EzQ=="
    },
    "tree-sitter-proverif": {
      "version": "1.0.9",
      "resolved": "https://registry.npmjs.org/tree-sitter-proverif/-/tree-sitter-proverif-1.0.9.tgz",
      "integrity": "sha512-OYUjw4nc9vRGyw/QXtbGNlLlsidS9+nP7s0o9XjrGIQlIQR9KBcnpLfS0HecV4vq5WSzPjY04VbA3FADQj7fQQ==",
      "requires": {
        "nan": "^2.14.2"
      }
    }
  }
}
